
Microsoft Visual Studio Solution File, Format Version 12.00
# Visual Studio 14
VisualStudioVersion = 14.0.25420.1
MinimumVisualStudioVersion = 10.0.40219.1
Project("{2150E333-8FDC-42A3-9474-1A3956D46DE8}") = "Engine", "Engine", "{67535C3D-2810-47E6-9353-17470FE25B1F}"
EndProject
Project("{2150E333-8FDC-42A3-9474-1A3956D46DE8}") = "Games", "Games", "{EB5AFF0F-5EA9-4C85-B8E0-D7048F4F065D}"
EndProject
Project("{8BC9CEB8-8B4A-11D0-8D11-00A0C91BC942}") = "UE4", "Intermediate\ProjectFiles\UE4.vcxproj", "{C27D4F89-9E9F-4464-8AC4-852C97712197}"
EndProject
Project("{8BC9CEB8-8B4A-11D0-8D11-00A0C91BC942}") = "DarkShotVR", "Intermediate\ProjectFiles\DarkShotVR.vcxproj", "{C8348E3B-7C92-40DA-9D7C-16F09A9B438A}"
EndProject
Global
	GlobalSection(SolutionConfigurationPlatforms) = preSolution
		DebugGame Editor|Win32 = DebugGame Editor|Win32
		DebugGame Editor|Win64 = DebugGame Editor|Win64
		DebugGame|Win32 = DebugGame|Win32
		DebugGame|Win64 = DebugGame|Win64
		Development Editor|Win32 = Development Editor|Win32
		Development Editor|Win64 = Development Editor|Win64
		Development|Win32 = Development|Win32
		Development|Win64 = Development|Win64
		Shipping|Win32 = Shipping|Win32
		Shipping|Win64 = Shipping|Win64
	EndGlobalSection
	GlobalSection(ProjectConfigurationPlatforms) = postSolution
		{C27D4F89-9E9F-4464-8AC4-852C97712197}.DebugGame Editor|Win32.ActiveCfg = BuiltWithUnrealBuildTool|Win32
		{C27D4F89-9E9F-4464-8AC4-852C97712197}.DebugGame Editor|Win32.Build.0 = BuiltWithUnrealBuildTool|Win32
		{C27D4F89-9E9F-4464-8AC4-852C97712197}.DebugGame Editor|Win64.ActiveCfg = BuiltWithUnrealBuildTool|Win32
		{C27D4F89-9E9F-4464-8AC4-852C97712197}.DebugGame Editor|Win64.Build.0 = BuiltWithUnrealBuildTool|Win32
		{C27D4F89-9E9F-4464-8AC4-852C97712197}.DebugGame|Win32.ActiveCfg = BuiltWithUnrealBuildTool|Win32
		{C27D4F89-9E9F-4464-8AC4-852C97712197}.DebugGame|Win32.Build.0 = BuiltWithUnrealBuildTool|Win32
		{C27D4F89-9E9F-4464-8AC4-852C97712197}.DebugGame|Win64.ActiveCfg = BuiltWithUnrealBuildTool|Win32
		{C27D4F89-9E9F-4464-8AC4-852C97712197}.DebugGame|Win64.Build.0 = BuiltWithUnrealBuildTool|Win32
		{C27D4F89-9E9F-4464-8AC4-852C97712197}.Development Editor|Win32.ActiveCfg = BuiltWithUnrealBuildTool|Win32
		{C27D4F89-9E9F-4464-8AC4-852C97712197}.Development Editor|Win32.Build.0 = BuiltWithUnrealBuildTool|Win32
		{C27D4F89-9E9F-4464-8AC4-852C97712197}.Development Editor|Win64.ActiveCfg = BuiltWithUnrealBuildTool|Win32
		{C27D4F89-9E9F-4464-8AC4-852C97712197}.Development Editor|Win64.Build.0 = BuiltWithUnrealBuildTool|Win32
		{C27D4F89-9E9F-4464-8AC4-852C97712197}.Development|Win32.ActiveCfg = BuiltWithUnrealBuildTool|Win32
		{C27D4F89-9E9F-4464-8AC4-852C97712197}.Development|Win32.Build.0 = BuiltWithUnrealBuildTool|Win32
		{C27D4F89-9E9F-4464-8AC4-852C97712197}.Development|Win64.ActiveCfg = BuiltWithUnrealBuildTool|Win32
		{C27D4F89-9E9F-4464-8AC4-852C97712197}.Development|Win64.Build.0 = BuiltWithUnrealBuildTool|Win32
		{C27D4F89-9E9F-4464-8AC4-852C97712197}.Shipping|Win32.ActiveCfg = BuiltWithUnrealBuildTool|Win32
		{C27D4F89-9E9F-4464-8AC4-852C97712197}.Shipping|Win32.Build.0 = BuiltWithUnrealBuildTool|Win32
		{C27D4F89-9E9F-4464-8AC4-852C97712197}.Shipping|Win64.ActiveCfg = BuiltWithUnrealBuildTool|Win32
		{C27D4F89-9E9F-4464-8AC4-852C97712197}.Shipping|Win64.Build.0 = BuiltWithUnrealBuildTool|Win32
		{C8348E3B-7C92-40DA-9D7C-16F09A9B438A}.DebugGame Editor|Win32.ActiveCfg = DebugGame_Editor|Win32
		{C8348E3B-7C92-40DA-9D7C-16F09A9B438A}.DebugGame Editor|Win64.ActiveCfg = DebugGame_Editor|x64
		{C8348E3B-7C92-40DA-9D7C-16F09A9B438A}.DebugGame Editor|Win64.Build.0 = DebugGame_Editor|x64
		{C8348E3B-7C92-40DA-9D7C-16F09A9B438A}.DebugGame|Win32.ActiveCfg = DebugGame_Game|Win32
		{C8348E3B-7C92-40DA-9D7C-16F09A9B438A}.DebugGame|Win32.Build.0 = DebugGame_Game|Win32
		{C8348E3B-7C92-40DA-9D7C-16F09A9B438A}.DebugGame|Win64.ActiveCfg = DebugGame_Game|x64
		{C8348E3B-7C92-40DA-9D7C-16F09A9B438A}.DebugGame|Win64.Build.0 = DebugGame_Game|x64
		{C8348E3B-7C92-40DA-9D7C-16F09A9B438A}.Development Editor|Win32.ActiveCfg = Development_Editor|Win32
		{C8348E3B-7C92-40DA-9D7C-16F09A9B438A}.Development Editor|Win64.ActiveCfg = Development_Editor|x64
		{C8348E3B-7C92-40DA-9D7C-16F09A9B438A}.Development Editor|Win64.Build.0 = Development_Editor|x64
		{C8348E3B-7C92-40DA-9D7C-16F09A9B438A}.Development|Win32.ActiveCfg = Development_Game|Win32
		{C8348E3B-7C92-40DA-9D7C-16F09A9B438A}.Development|Win32.Build.0 = Development_Game|Win32
		{C8348E3B-7C92-40DA-9D7C-16F09A9B438A}.Development|Win64.ActiveCfg = Development_Game|x64
		{C8348E3B-7C92-40DA-9D7C-16F09A9B438A}.Development|Win64.Build.0 = Development_Game|x64
		{C8348E3B-7C92-40DA-9D7C-16F09A9B438A}.Shipping|Win32.ActiveCfg = Shipping_Game|Win32
		{C8348E3B-7C92-40DA-9D7C-16F09A9B438A}.Shipping|Win32.Build.0 = Shipping_Game|Win32
		{C8348E3B-7C92-40DA-9D7C-16F09A9B438A}.Shipping|Win64.ActiveCfg = Shipping_Game|x64
		{C8348E3B-7C92-40DA-9D7C-16F09A9B438A}.Shipping|Win64.Build.0 = Shipping_Game|x64
	EndGlobalSection
	GlobalSection(SolutionProperties) = preSolution
		HideSolutionNode = FALSE
	EndGlobalSection
	GlobalSection(NestedProjects) = preSolution
		{C27D4F89-9E9F-4464-8AC4-852C97712197} = {67535C3D-2810-47E6-9353-17470FE25B1F}
		{C8348E3B-7C92-40DA-9D7C-16F09A9B438A} = {EB5AFF0F-5EA9-4C85-B8E0-D7048F4F065D}
	EndGlobalSection
EndGlobal
