
Microsoft Visual Studio Solution File, Format Version 12.00
# Visual Studio 14
VisualStudioVersion = 14.0.25420.1
MinimumVisualStudioVersion = 10.0.40219.1
Project("{2150E333-8FDC-42A3-9474-1A3956D46DE8}") = "Engine", "Engine", "{CD544190-4FD1-42C9-B13C-1D49906BFC2F}"
EndProject
Project("{2150E333-8FDC-42A3-9474-1A3956D46DE8}") = "Games", "Games", "{32C1E372-143A-48A9-9A02-EAD19D6EF0F5}"
EndProject
Project("{8BC9CEB8-8B4A-11D0-8D11-00A0C91BC942}") = "UE4", "Intermediate\ProjectFiles\UE4.vcxproj", "{F9BE24D1-6054-40C8-8BA2-D35158EBB265}"
EndProject
Project("{8BC9CEB8-8B4A-11D0-8D11-00A0C91BC942}") = "DarkShotVR", "Intermediate\ProjectFiles\DarkShotVR.vcxproj", "{AF98C3BD-D10A-4C9A-AC4E-1FD053DDFED9}"
EndProject
Global
	GlobalSection(SolutionConfigurationPlatforms) = preSolution
		DebugGame Editor|Win32 = DebugGame Editor|Win32
		DebugGame Editor|Win64 = DebugGame Editor|Win64
		DebugGame|Win32 = DebugGame|Win32
		DebugGame|Win64 = DebugGame|Win64
		Development Editor|Win32 = Development Editor|Win32
		Development Editor|Win64 = Development Editor|Win64
		Development|Win32 = Development|Win32
		Development|Win64 = Development|Win64
		Shipping|Win32 = Shipping|Win32
		Shipping|Win64 = Shipping|Win64
	EndGlobalSection
	GlobalSection(ProjectConfigurationPlatforms) = postSolution
		{F9BE24D1-6054-40C8-8BA2-D35158EBB265}.DebugGame Editor|Win32.ActiveCfg = BuiltWithUnrealBuildTool|Win32
		{F9BE24D1-6054-40C8-8BA2-D35158EBB265}.DebugGame Editor|Win32.Build.0 = BuiltWithUnrealBuildTool|Win32
		{F9BE24D1-6054-40C8-8BA2-D35158EBB265}.DebugGame Editor|Win64.ActiveCfg = BuiltWithUnrealBuildTool|Win32
		{F9BE24D1-6054-40C8-8BA2-D35158EBB265}.DebugGame Editor|Win64.Build.0 = BuiltWithUnrealBuildTool|Win32
		{F9BE24D1-6054-40C8-8BA2-D35158EBB265}.DebugGame|Win32.ActiveCfg = BuiltWithUnrealBuildTool|Win32
		{F9BE24D1-6054-40C8-8BA2-D35158EBB265}.DebugGame|Win32.Build.0 = BuiltWithUnrealBuildTool|Win32
		{F9BE24D1-6054-40C8-8BA2-D35158EBB265}.DebugGame|Win64.ActiveCfg = BuiltWithUnrealBuildTool|Win32
		{F9BE24D1-6054-40C8-8BA2-D35158EBB265}.DebugGame|Win64.Build.0 = BuiltWithUnrealBuildTool|Win32
		{F9BE24D1-6054-40C8-8BA2-D35158EBB265}.Development Editor|Win32.ActiveCfg = BuiltWithUnrealBuildTool|Win32
		{F9BE24D1-6054-40C8-8BA2-D35158EBB265}.Development Editor|Win32.Build.0 = BuiltWithUnrealBuildTool|Win32
		{F9BE24D1-6054-40C8-8BA2-D35158EBB265}.Development Editor|Win64.ActiveCfg = BuiltWithUnrealBuildTool|Win32
		{F9BE24D1-6054-40C8-8BA2-D35158EBB265}.Development Editor|Win64.Build.0 = BuiltWithUnrealBuildTool|Win32
		{F9BE24D1-6054-40C8-8BA2-D35158EBB265}.Development|Win32.ActiveCfg = BuiltWithUnrealBuildTool|Win32
		{F9BE24D1-6054-40C8-8BA2-D35158EBB265}.Development|Win32.Build.0 = BuiltWithUnrealBuildTool|Win32
		{F9BE24D1-6054-40C8-8BA2-D35158EBB265}.Development|Win64.ActiveCfg = BuiltWithUnrealBuildTool|Win32
		{F9BE24D1-6054-40C8-8BA2-D35158EBB265}.Development|Win64.Build.0 = BuiltWithUnrealBuildTool|Win32
		{F9BE24D1-6054-40C8-8BA2-D35158EBB265}.Shipping|Win32.ActiveCfg = BuiltWithUnrealBuildTool|Win32
		{F9BE24D1-6054-40C8-8BA2-D35158EBB265}.Shipping|Win32.Build.0 = BuiltWithUnrealBuildTool|Win32
		{F9BE24D1-6054-40C8-8BA2-D35158EBB265}.Shipping|Win64.ActiveCfg = BuiltWithUnrealBuildTool|Win32
		{F9BE24D1-6054-40C8-8BA2-D35158EBB265}.Shipping|Win64.Build.0 = BuiltWithUnrealBuildTool|Win32
		{AF98C3BD-D10A-4C9A-AC4E-1FD053DDFED9}.DebugGame Editor|Win32.ActiveCfg = DebugGame_Editor|Win32
		{AF98C3BD-D10A-4C9A-AC4E-1FD053DDFED9}.DebugGame Editor|Win64.ActiveCfg = DebugGame_Editor|x64
		{AF98C3BD-D10A-4C9A-AC4E-1FD053DDFED9}.DebugGame Editor|Win64.Build.0 = DebugGame_Editor|x64
		{AF98C3BD-D10A-4C9A-AC4E-1FD053DDFED9}.DebugGame|Win32.ActiveCfg = DebugGame_Game|Win32
		{AF98C3BD-D10A-4C9A-AC4E-1FD053DDFED9}.DebugGame|Win32.Build.0 = DebugGame_Game|Win32
		{AF98C3BD-D10A-4C9A-AC4E-1FD053DDFED9}.DebugGame|Win64.ActiveCfg = DebugGame_Game|x64
		{AF98C3BD-D10A-4C9A-AC4E-1FD053DDFED9}.DebugGame|Win64.Build.0 = DebugGame_Game|x64
		{AF98C3BD-D10A-4C9A-AC4E-1FD053DDFED9}.Development Editor|Win32.ActiveCfg = Development_Editor|Win32
		{AF98C3BD-D10A-4C9A-AC4E-1FD053DDFED9}.Development Editor|Win64.ActiveCfg = Development_Editor|x64
		{AF98C3BD-D10A-4C9A-AC4E-1FD053DDFED9}.Development Editor|Win64.Build.0 = Development_Editor|x64
		{AF98C3BD-D10A-4C9A-AC4E-1FD053DDFED9}.Development|Win32.ActiveCfg = Development_Game|Win32
		{AF98C3BD-D10A-4C9A-AC4E-1FD053DDFED9}.Development|Win32.Build.0 = Development_Game|Win32
		{AF98C3BD-D10A-4C9A-AC4E-1FD053DDFED9}.Development|Win64.ActiveCfg = Development_Game|x64
		{AF98C3BD-D10A-4C9A-AC4E-1FD053DDFED9}.Development|Win64.Build.0 = Development_Game|x64
		{AF98C3BD-D10A-4C9A-AC4E-1FD053DDFED9}.Shipping|Win32.ActiveCfg = Shipping_Game|Win32
		{AF98C3BD-D10A-4C9A-AC4E-1FD053DDFED9}.Shipping|Win32.Build.0 = Shipping_Game|Win32
		{AF98C3BD-D10A-4C9A-AC4E-1FD053DDFED9}.Shipping|Win64.ActiveCfg = Shipping_Game|x64
		{AF98C3BD-D10A-4C9A-AC4E-1FD053DDFED9}.Shipping|Win64.Build.0 = Shipping_Game|x64
	EndGlobalSection
	GlobalSection(SolutionProperties) = preSolution
		HideSolutionNode = FALSE
	EndGlobalSection
	GlobalSection(NestedProjects) = preSolution
		{F9BE24D1-6054-40C8-8BA2-D35158EBB265} = {CD544190-4FD1-42C9-B13C-1D49906BFC2F}
		{AF98C3BD-D10A-4C9A-AC4E-1FD053DDFED9} = {32C1E372-143A-48A9-9A02-EAD19D6EF0F5}
	EndGlobalSection
EndGlobal
